
Microsoft Visual Studio Solution File, Format Version 12.00
# Visual Studio Version 17
VisualStudioVersion = 17.2.32616.157
MinimumVisualStudioVersion = 10.0.40219.1
Project("{8BC9CEB8-8B4A-11D0-8D11-00A0C91BC942}") = "MyFirstProject", "MyFirstProject\MyFirstProject.vcxproj", "{7860D928-F5A1-4320-B2E2-C3733EFFD801}"
EndProject
Project("{8BC9CEB8-8B4A-11D0-8D11-00A0C91BC942}") = "02.Numbers 1 to 10", "02.Numbers 1 to 10\02.Numbers 1 to 10.vcxproj", "{CA9AF729-C5DC-471D-A998-F64AA703E3B2}"
EndProject
Project("{8BC9CEB8-8B4A-11D0-8D11-00A0C91BC942}") = "03. Rectangle Area", "03. Rectangle Area\03. Rectangle Area.vcxproj", "{BC0CC19B-9A2C-4D38-A7F4-64E59A31C721}"
EndProject
Project("{8BC9CEB8-8B4A-11D0-8D11-00A0C91BC942}") = "04. Inches to Centimeters", "04. Inches to Centimeters\04. Inches to Centimeters.vcxproj", "{12E310A0-C9F6-4B37-9135-20CF6FAA71C4}"
EndProject
Project("{8BC9CEB8-8B4A-11D0-8D11-00A0C91BC942}") = "05. Greeting by Name", "05. Greeting by Name\05. Greeting by Name.vcxproj", "{85C69BEC-1259-4E29-9858-0C11BE87CB1D}"
EndProject
Project("{8BC9CEB8-8B4A-11D0-8D11-00A0C91BC942}") = "06. Concatenate Data", "06. Concatenate Data\06. Concatenate Data.vcxproj", "{0DB0E196-3BE3-4DEC-9A45-CF622F4E34FD}"
EndProject
Project("{8BC9CEB8-8B4A-11D0-8D11-00A0C91BC942}") = "07. Projects Creation", "07. Projects Creation\07. Projects Creation.vcxproj", "{2404A8DC-C4D8-4308-9060-DF80B20B56C9}"
EndProject
Project("{8BC9CEB8-8B4A-11D0-8D11-00A0C91BC942}") = "08. Pet Shop", "08. Pet Shop\08. Pet Shop.vcxproj", "{2C9B3B35-8A62-4065-ABA2-0B6A1FC7E037}"
EndProject
Project("{8BC9CEB8-8B4A-11D0-8D11-00A0C91BC942}") = "09. Yard Greening", "09. Yard Greening\09. Yard Greening.vcxproj", "{1B58FF60-A85C-480D-A699-1591CB4DAD4D}"
EndProject
Global
	GlobalSection(SolutionConfigurationPlatforms) = preSolution
		Debug|x64 = Debug|x64
		Debug|x86 = Debug|x86
		Release|x64 = Release|x64
		Release|x86 = Release|x86
	EndGlobalSection
	GlobalSection(ProjectConfigurationPlatforms) = postSolution
		{7860D928-F5A1-4320-B2E2-C3733EFFD801}.Debug|x64.ActiveCfg = Debug|x64
		{7860D928-F5A1-4320-B2E2-C3733EFFD801}.Debug|x64.Build.0 = Debug|x64
		{7860D928-F5A1-4320-B2E2-C3733EFFD801}.Debug|x86.ActiveCfg = Debug|Win32
		{7860D928-F5A1-4320-B2E2-C3733EFFD801}.Debug|x86.Build.0 = Debug|Win32
		{7860D928-F5A1-4320-B2E2-C3733EFFD801}.Release|x64.ActiveCfg = Release|x64
		{7860D928-F5A1-4320-B2E2-C3733EFFD801}.Release|x64.Build.0 = Release|x64
		{7860D928-F5A1-4320-B2E2-C3733EFFD801}.Release|x86.ActiveCfg = Release|Win32
		{7860D928-F5A1-4320-B2E2-C3733EFFD801}.Release|x86.Build.0 = Release|Win32
		{CA9AF729-C5DC-471D-A998-F64AA703E3B2}.Debug|x64.ActiveCfg = Debug|x64
		{CA9AF729-C5DC-471D-A998-F64AA703E3B2}.Debug|x64.Build.0 = Debug|x64
		{CA9AF729-C5DC-471D-A998-F64AA703E3B2}.Debug|x86.ActiveCfg = Debug|Win32
		{CA9AF729-C5DC-471D-A998-F64AA703E3B2}.Debug|x86.Build.0 = Debug|Win32
		{CA9AF729-C5DC-471D-A998-F64AA703E3B2}.Release|x64.ActiveCfg = Release|x64
		{CA9AF729-C5DC-471D-A998-F64AA703E3B2}.Release|x64.Build.0 = Release|x64
		{CA9AF729-C5DC-471D-A998-F64AA703E3B2}.Release|x86.ActiveCfg = Release|Win32
		{CA9AF729-C5DC-471D-A998-F64AA703E3B2}.Release|x86.Build.0 = Release|Win32
		{BC0CC19B-9A2C-4D38-A7F4-64E59A31C721}.Debug|x64.ActiveCfg = Debug|x64
		{BC0CC19B-9A2C-4D38-A7F4-64E59A31C721}.Debug|x64.Build.0 = Debug|x64
		{BC0CC19B-9A2C-4D38-A7F4-64E59A31C721}.Debug|x86.ActiveCfg = Debug|Win32
		{BC0CC19B-9A2C-4D38-A7F4-64E59A31C721}.Debug|x86.Build.0 = Debug|Win32
		{BC0CC19B-9A2C-4D38-A7F4-64E59A31C721}.Release|x64.ActiveCfg = Release|x64
		{BC0CC19B-9A2C-4D38-A7F4-64E59A31C721}.Release|x64.Build.0 = Release|x64
		{BC0CC19B-9A2C-4D38-A7F4-64E59A31C721}.Release|x86.ActiveCfg = Release|Win32
		{BC0CC19B-9A2C-4D38-A7F4-64E59A31C721}.Release|x86.Build.0 = Release|Win32
		{12E310A0-C9F6-4B37-9135-20CF6FAA71C4}.Debug|x64.ActiveCfg = Debug|x64
		{12E310A0-C9F6-4B37-9135-20CF6FAA71C4}.Debug|x64.Build.0 = Debug|x64
		{12E310A0-C9F6-4B37-9135-20CF6FAA71C4}.Debug|x86.ActiveCfg = Debug|Win32
		{12E310A0-C9F6-4B37-9135-20CF6FAA71C4}.Debug|x86.Build.0 = Debug|Win32
		{12E310A0-C9F6-4B37-9135-20CF6FAA71C4}.Release|x64.ActiveCfg = Release|x64
		{12E310A0-C9F6-4B37-9135-20CF6FAA71C4}.Release|x64.Build.0 = Release|x64
		{12E310A0-C9F6-4B37-9135-20CF6FAA71C4}.Release|x86.ActiveCfg = Release|Win32
		{12E310A0-C9F6-4B37-9135-20CF6FAA71C4}.Release|x86.Build.0 = Release|Win32
		{85C69BEC-1259-4E29-9858-0C11BE87CB1D}.Debug|x64.ActiveCfg = Debug|x64
		{85C69BEC-1259-4E29-9858-0C11BE87CB1D}.Debug|x64.Build.0 = Debug|x64
		{85C69BEC-1259-4E29-9858-0C11BE87CB1D}.Debug|x86.ActiveCfg = Debug|Win32
		{85C69BEC-1259-4E29-9858-0C11BE87CB1D}.Debug|x86.Build.0 = Debug|Win32
		{85C69BEC-1259-4E29-9858-0C11BE87CB1D}.Release|x64.ActiveCfg = Release|x64
		{85C69BEC-1259-4E29-9858-0C11BE87CB1D}.Release|x64.Build.0 = Release|x64
		{85C69BEC-1259-4E29-9858-0C11BE87CB1D}.Release|x86.ActiveCfg = Release|Win32
		{85C69BEC-1259-4E29-9858-0C11BE87CB1D}.Release|x86.Build.0 = Release|Win32
		{0DB0E196-3BE3-4DEC-9A45-CF622F4E34FD}.Debug|x64.ActiveCfg = Debug|x64
		{0DB0E196-3BE3-4DEC-9A45-CF622F4E34FD}.Debug|x64.Build.0 = Debug|x64
		{0DB0E196-3BE3-4DEC-9A45-CF622F4E34FD}.Debug|x86.ActiveCfg = Debug|Win32
		{0DB0E196-3BE3-4DEC-9A45-CF622F4E34FD}.Debug|x86.Build.0 = Debug|Win32
		{0DB0E196-3BE3-4DEC-9A45-CF622F4E34FD}.Release|x64.ActiveCfg = Release|x64
		{0DB0E196-3BE3-4DEC-9A45-CF622F4E34FD}.Release|x64.Build.0 = Release|x64
		{0DB0E196-3BE3-4DEC-9A45-CF622F4E34FD}.Release|x86.ActiveCfg = Release|Win32
		{0DB0E196-3BE3-4DEC-9A45-CF622F4E34FD}.Release|x86.Build.0 = Release|Win32
		{2404A8DC-C4D8-4308-9060-DF80B20B56C9}.Debug|x64.ActiveCfg = Debug|x64
		{2404A8DC-C4D8-4308-9060-DF80B20B56C9}.Debug|x64.Build.0 = Debug|x64
		{2404A8DC-C4D8-4308-9060-DF80B20B56C9}.Debug|x86.ActiveCfg = Debug|Win32
		{2404A8DC-C4D8-4308-9060-DF80B20B56C9}.Debug|x86.Build.0 = Debug|Win32
		{2404A8DC-C4D8-4308-9060-DF80B20B56C9}.Release|x64.ActiveCfg = Release|x64
		{2404A8DC-C4D8-4308-9060-DF80B20B56C9}.Release|x64.Build.0 = Release|x64
		{2404A8DC-C4D8-4308-9060-DF80B20B56C9}.Release|x86.ActiveCfg = Release|Win32
		{2404A8DC-C4D8-4308-9060-DF80B20B56C9}.Release|x86.Build.0 = Release|Win32
		{2C9B3B35-8A62-4065-ABA2-0B6A1FC7E037}.Debug|x64.ActiveCfg = Debug|x64
		{2C9B3B35-8A62-4065-ABA2-0B6A1FC7E037}.Debug|x64.Build.0 = Debug|x64
		{2C9B3B35-8A62-4065-ABA2-0B6A1FC7E037}.Debug|x86.ActiveCfg = Debug|Win32
		{2C9B3B35-8A62-4065-ABA2-0B6A1FC7E037}.Debug|x86.Build.0 = Debug|Win32
		{2C9B3B35-8A62-4065-ABA2-0B6A1FC7E037}.Release|x64.ActiveCfg = Release|x64
		{2C9B3B35-8A62-4065-ABA2-0B6A1FC7E037}.Release|x64.Build.0 = Release|x64
		{2C9B3B35-8A62-4065-ABA2-0B6A1FC7E037}.Release|x86.ActiveCfg = Release|Win32
		{2C9B3B35-8A62-4065-ABA2-0B6A1FC7E037}.Release|x86.Build.0 = Release|Win32
		{1B58FF60-A85C-480D-A699-1591CB4DAD4D}.Debug|x64.ActiveCfg = Debug|x64
		{1B58FF60-A85C-480D-A699-1591CB4DAD4D}.Debug|x64.Build.0 = Debug|x64
		{1B58FF60-A85C-480D-A699-1591CB4DAD4D}.Debug|x86.ActiveCfg = Debug|Win32
		{1B58FF60-A85C-480D-A699-1591CB4DAD4D}.Debug|x86.Build.0 = Debug|Win32
		{1B58FF60-A85C-480D-A699-1591CB4DAD4D}.Release|x64.ActiveCfg = Release|x64
		{1B58FF60-A85C-480D-A699-1591CB4DAD4D}.Release|x64.Build.0 = Release|x64
		{1B58FF60-A85C-480D-A699-1591CB4DAD4D}.Release|x86.ActiveCfg = Release|Win32
		{1B58FF60-A85C-480D-A699-1591CB4DAD4D}.Release|x86.Build.0 = Release|Win32
	EndGlobalSection
	GlobalSection(SolutionProperties) = preSolution
		HideSolutionNode = FALSE
	EndGlobalSection
	GlobalSection(ExtensibilityGlobals) = postSolution
		SolutionGuid = {0FAB5186-F89E-4924-AE4A-D42414288C3E}
	EndGlobalSection
EndGlobal
